<?xml version="1.0" encoding="utf-8"?>
<Project ToolsVersion="4.0" xmlns="http://schemas.microsoft.com/developer/msbuild/2003">
  <ItemGroup>
    <Filter Include="ソース ファイル">
      <UniqueIdentifier>{4FC737F1-C7A5-4376-A066-2A32D752A2FF}</UniqueIdentifier>
      <Extensions>cpp;c;cc;cxx;def;odl;idl;hpj;bat;asm;asmx</Extensions>
    </Filter>
    <Filter Include="ヘッダー ファイル">
      <UniqueIdentifier>{93995380-89BD-4b04-88EB-625FBE52EBFB}</UniqueIdentifier>
      <Extensions>h;hh;hpp;hxx;hm;inl;inc;xsd</Extensions>
    </Filter>
    <Filter Include="リソース ファイル">
      <UniqueIdentifier>{67DA6AB6-F800-4c08-8B7A-83BB121AAD01}</UniqueIdentifier>
      <Extensions>rc;ico;cur;bmp;dlg;rc2;rct;bin;rgs;gif;jpg;jpeg;jpe;resx;tiff;tif;png;wav;mfcribbon-ms</Extensions>
    </Filter>
  </ItemGroup>
  <ItemGroup>
    <Text Include="ReadMe.txt" />
  </ItemGroup>
  <ItemGroup>
    <ClInclude Include="_stdarg_fmt.h">
      <Filter>ヘッダー ファイル</Filter>
    </ClInclude>
    <ClInclude Include="dbms.h">
      <Filter>ヘッダー ファイル</Filter>
    </ClInclude>
    <ClInclude Include="libmpsx.h">
      <Filter>ヘッダー ファイル</Filter>
    </ClInclude>
    <ClInclude Include="mpsx_conio.h">
      <Filter>ヘッダー ファイル</Filter>
    </ClInclude>
    <ClInclude Include="mpsx_ctype.h">
      <Filter>ヘッダー ファイル</Filter>
    </ClInclude>
    <ClInclude Include="mpsx_getopt.h">
      <Filter>ヘッダー ファイル</Filter>
    </ClInclude>
    <ClInclude Include="mpsx_lite_mallocater.h">
      <Filter>ヘッダー ファイル</Filter>
    </ClInclude>
    <ClInclude Include="mpsx_lite_sprintf.h">
      <Filter>ヘッダー ファイル</Filter>
    </ClInclude>
    <ClInclude Include="mpsx_malloc.h">
      <Filter>ヘッダー ファイル</Filter>
    </ClInclude>
    <ClInclude Include="mpsx_memareacpy.h">
      <Filter>ヘッダー ファイル</Filter>
    </ClInclude>
    <ClInclude Include="mpsx_pipe.h">
      <Filter>ヘッダー ファイル</Filter>
    </ClInclude>
    <ClInclude Include="mpsx_process.h">
      <Filter>ヘッダー ファイル</Filter>
    </ClInclude>
    <ClInclude Include="mpsx_rand.h">
      <Filter>ヘッダー ファイル</Filter>
    </ClInclude>
    <ClInclude Include="mpsx_sprintf.h">
      <Filter>ヘッダー ファイル</Filter>
    </ClInclude>
    <ClInclude Include="mpsx_stdarg.h">
      <Filter>ヘッダー ファイル</Filter>
    </ClInclude>
    <ClInclude Include="mpsx_stdlib.h">
      <Filter>ヘッダー ファイル</Filter>
    </ClInclude>
    <ClInclude Include="mpsx_string.h">
      <Filter>ヘッダー ファイル</Filter>
    </ClInclude>
    <ClInclude Include="mpsx_sys_types.h">
      <Filter>ヘッダー ファイル</Filter>
    </ClInclude>
    <ClInclude Include="mpsx_system_execl.h">
      <Filter>ヘッダー ファイル</Filter>
    </ClInclude>
    <ClInclude Include="mpsx_time.h">
      <Filter>ヘッダー ファイル</Filter>
    </ClInclude>
    <ClInclude Include="mpsx_unistd.h">
      <Filter>ヘッダー ファイル</Filter>
    </ClInclude>
    <ClInclude Include="mpsx_endian.hpp">
      <Filter>ヘッダー ファイル</Filter>
    </ClInclude>
    <ClInclude Include="libmpsx_revision.h">
      <Filter>ヘッダー ファイル</Filter>
    </ClInclude>
    <ClInclude Include="mpsx_cl2av.h">
      <Filter>ヘッダー ファイル</Filter>
    </ClInclude>
    <ClInclude Include="mpsx_stl_vector.h">
      <Filter>ヘッダー ファイル</Filter>
    </ClInclude>
    <ClInclude Include="mpsx_stl_deque.h">
      <Filter>ヘッダー ファイル</Filter>
    </ClInclude>
    <ClInclude Include="mpsx_stl_list.h">
      <Filter>ヘッダー ファイル</Filter>
    </ClInclude>
    <ClInclude Include="mpsx_stl_queue.h">
      <Filter>ヘッダー ファイル</Filter>
    </ClInclude>
    <ClInclude Include="mpsx_stl_slist.h">
      <Filter>ヘッダー ファイル</Filter>
    </ClInclude>
  </ItemGroup>
  <ItemGroup>
    <ClCompile Include="libmpsx.c">
      <Filter>ソース ファイル</Filter>
    </ClCompile>
    <ClCompile Include="mpsx_ctype.c">
      <Filter>ソース ファイル</Filter>
    </ClCompile>
    <ClCompile Include="mpsx_getopt.c">
      <Filter>ソース ファイル</Filter>
    </ClCompile>
    <ClCompile Include="mpsx_lite_mallocater.c">
      <Filter>ソース ファイル</Filter>
    </ClCompile>
    <ClCompile Include="mpsx_lite_sprintf.c">
      <Filter>ソース ファイル</Filter>
    </ClCompile>
    <ClCompile Include="mpsx_malloc.c">
      <Filter>ソース ファイル</Filter>
    </ClCompile>
    <ClCompile Include="mpsx_rand.c">
      <Filter>ソース ファイル</Filter>
    </ClCompile>
    <ClCompile Include="mpsx_sprintf.c">
      <Filter>ソース ファイル</Filter>
    </ClCompile>
    <ClCompile Include="mpsx_stdarg.c">
      <Filter>ソース ファイル</Filter>
    </ClCompile>
    <ClCompile Include="mpsx_stdlib.c">
      <Filter>ソース ファイル</Filter>
    </ClCompile>
    <ClCompile Include="mpsx_string.c">
      <Filter>ソース ファイル</Filter>
    </ClCompile>
    <ClCompile Include="mpsx_time.c">
      <Filter>ソース ファイル</Filter>
    </ClCompile>
    <ClCompile Include="mpsx_cl2av.c">
      <Filter>ソース ファイル</Filter>
    </ClCompile>
    <ClCompile Include="mpsx_stl_vector.c">
      <Filter>ソース ファイル</Filter>
    </ClCompile>
    <ClCompile Include="mpsx_stl_deque.c">
      <Filter>ソース ファイル</Filter>
    </ClCompile>
    <ClCompile Include="mpsx_stl_list.c">
      <Filter>ソース ファイル</Filter>
    </ClCompile>
    <ClCompile Include="mpsx_stl_queue.c">
      <Filter>ソース ファイル</Filter>
    </ClCompile>
    <ClCompile Include="mpsx_stl_slist.c">
      <Filter>ソース ファイル</Filter>
    </ClCompile>
  </ItemGroup>
</Project>